
Microsoft Visual Studio Solution File, Format Version 12.00
# Visual Studio Version 16
VisualStudioVersion = 16.0.31129.286
MinimumVisualStudioVersion = 10.0.40219.1
Project("{FAE04EC0-301F-11D3-BF4B-00C04F79EFBC}") = "JobSearchBoard_A00218328_Amritpal", "JobSearchBoard_A00218328_Amritpal\JobSearchBoard_A00218328_Amritpal.csproj", "{B562DBDF-C6C8-4CD9-BCFE-5C0CDE202AEF}"
EndProject
Global
	GlobalSection(SolutionConfigurationPlatforms) = preSolution
		Debug|Any CPU = Debug|Any CPU
		Release|Any CPU = Release|Any CPU
	EndGlobalSection
	GlobalSection(ProjectConfigurationPlatforms) = postSolution
		{B562DBDF-C6C8-4CD9-BCFE-5C0CDE202AEF}.Debug|Any CPU.ActiveCfg = Debug|Any CPU
		{B562DBDF-C6C8-4CD9-BCFE-5C0CDE202AEF}.Debug|Any CPU.Build.0 = Debug|Any CPU
		{B562DBDF-C6C8-4CD9-BCFE-5C0CDE202AEF}.Release|Any CPU.ActiveCfg = Release|Any CPU
		{B562DBDF-C6C8-4CD9-BCFE-5C0CDE202AEF}.Release|Any CPU.Build.0 = Release|Any CPU
	EndGlobalSection
	GlobalSection(SolutionProperties) = preSolution
		HideSolutionNode = FALSE
	EndGlobalSection
	GlobalSection(ExtensibilityGlobals) = postSolution
		SolutionGuid = {14A860DD-7349-4EAE-A178-0967F8DBB0DF}
	EndGlobalSection
EndGlobal
